// !$*UTF8*$!
{
	archiveVersion = 1;
	classes = {
	};
	objectVersion = 51;
	objects = {

/* Begin PBXBuildFile section */
		3C0AD7002580BFB900C5524C /* QuestionsViewController.swift in Sources */ = {isa = PBXBuildFile; fileRef = 3C0AD6FF2580BFB900C5524C /* QuestionsViewController.swift */; };
		3C60FE9025925F2000A2A03B /* compact.realm in Resources */ = {isa = PBXBuildFile; fileRef = 3C60FE8F25925F2000A2A03B /* compact.realm */; };
		3C87D90C2584EA060069E462 /* ScoreViewController.swift in Sources */ = {isa = PBXBuildFile; fileRef = 3C87D90B2584EA060069E462 /* ScoreViewController.swift */; };
		3CB7DC3E257FB7F500FEF1DF /* AppDelegate.swift in Sources */ = {isa = PBXBuildFile; fileRef = 3CB7DC3D257FB7F500FEF1DF /* AppDelegate.swift */; };
		3CB7DC40257FB7F500FEF1DF /* SceneDelegate.swift in Sources */ = {isa = PBXBuildFile; fileRef = 3CB7DC3F257FB7F500FEF1DF /* SceneDelegate.swift */; };
		3CB7DC45257FB7F500FEF1DF /* Main.storyboard in Resources */ = {isa = PBXBuildFile; fileRef = 3CB7DC43257FB7F500FEF1DF /* Main.storyboard */; };
		3CB7DC47257FB7F900FEF1DF /* Assets.xcassets in Resources */ = {isa = PBXBuildFile; fileRef = 3CB7DC46257FB7F900FEF1DF /* Assets.xcassets */; };
		3CB7DC4A257FB7F900FEF1DF /* LaunchScreen.storyboard in Resources */ = {isa = PBXBuildFile; fileRef = 3CB7DC48257FB7F900FEF1DF /* LaunchScreen.storyboard */; };
		3CB7DC54257FB84400FEF1DF /* TableViewController.swift in Sources */ = {isa = PBXBuildFile; fileRef = 3CB7DC53257FB84400FEF1DF /* TableViewController.swift */; };
		3CB7DC58257FBCF700FEF1DF /* Test.swift in Sources */ = {isa = PBXBuildFile; fileRef = 3CB7DC57257FBCF700FEF1DF /* Test.swift */; };
		3CB7DC5C257FC69E00FEF1DF /* TestViewController.swift in Sources */ = {isa = PBXBuildFile; fileRef = 3CB7DC5B257FC69E00FEF1DF /* TestViewController.swift */; };
		3CB85769258787950006B549 /* Results.swift in Sources */ = {isa = PBXBuildFile; fileRef = 3CB85768258787950006B549 /* Results.swift */; };
		87CDA8835ABE9CBC31CDF1F3 /* Pods_CheckHealth.framework in Frameworks */ = {isa = PBXBuildFile; fileRef = 50B97BD6F861DAD093EFCD15 /* Pods_CheckHealth.framework */; };
/* End PBXBuildFile section */

/* Begin PBXFileReference section */
		3C0AD6FF2580BFB900C5524C /* QuestionsViewController.swift */ = {isa = PBXFileReference; lastKnownFileType = sourcecode.swift; path = QuestionsViewController.swift; sourceTree = "<group>"; };
		3C60FE8F25925F2000A2A03B /* compact.realm */ = {isa = PBXFileReference; lastKnownFileType = file; path = compact.realm; sourceTree = "<group>"; };
		3C87D90B2584EA060069E462 /* ScoreViewController.swift */ = {isa = PBXFileReference; lastKnownFileType = sourcecode.swift; path = ScoreViewController.swift; sourceTree = "<group>"; };
		3CB7DC3A257FB7F500FEF1DF /* CheckHealth.app */ = {isa = PBXFileReference; explicitFileType = wrapper.application; includeInIndex = 0; path = CheckHealth.app; sourceTree = BUILT_PRODUCTS_DIR; };
		3CB7DC3D257FB7F500FEF1DF /* AppDelegate.swift */ = {isa = PBXFileReference; lastKnownFileType = sourcecode.swift; path = AppDelegate.swift; sourceTree = "<group>"; };
		3CB7DC3F257FB7F500FEF1DF /* SceneDelegate.swift */ = {isa = PBXFileReference; lastKnownFileType = sourcecode.swift; path = SceneDelegate.swift; sourceTree = "<group>"; };
		3CB7DC44257FB7F500FEF1DF /* Base */ = {isa = PBXFileReference; lastKnownFileType = file.storyboard; name = Base; path = Base.lproj/Main.storyboard; sourceTree = "<group>"; };
		3CB7DC46257FB7F900FEF1DF /* Assets.xcassets */ = {isa = PBXFileReference; lastKnownFileType = folder.assetcatalog; path = Assets.xcassets; sourceTree = "<group>"; };
		3CB7DC49257FB7F900FEF1DF /* Base */ = {isa = PBXFileReference; lastKnownFileType = file.storyboard; name = Base; path = Base.lproj/LaunchScreen.storyboard; sourceTree = "<group>"; };
		3CB7DC4B257FB7F900FEF1DF /* Info.plist */ = {isa = PBXFileReference; lastKnownFileType = text.plist.xml; path = Info.plist; sourceTree = "<group>"; };
		3CB7DC53257FB84400FEF1DF /* TableViewController.swift */ = {isa = PBXFileReference; lastKnownFileType = sourcecode.swift; path = TableViewController.swift; sourceTree = "<group>"; };
		3CB7DC57257FBCF700FEF1DF /* Test.swift */ = {isa = PBXFileReference; lastKnownFileType = sourcecode.swift; path = Test.swift; sourceTree = "<group>"; };
		3CB7DC5B257FC69E00FEF1DF /* TestViewController.swift */ = {isa = PBXFileReference; lastKnownFileType = sourcecode.swift; path = TestViewController.swift; sourceTree = "<group>"; };
		3CB85768258787950006B549 /* Results.swift */ = {isa = PBXFileReference; lastKnownFileType = sourcecode.swift; path = Results.swift; sourceTree = "<group>"; };
		50B97BD6F861DAD093EFCD15 /* Pods_CheckHealth.framework */ = {isa = PBXFileReference; explicitFileType = wrapper.framework; includeInIndex = 0; path = Pods_CheckHealth.framework; sourceTree = BUILT_PRODUCTS_DIR; };
		5909A5D9FC641C3D9DD8F20D /* Pods-CheckHealth.debug.xcconfig */ = {isa = PBXFileReference; includeInIndex = 1; lastKnownFileType = text.xcconfig; name = "Pods-CheckHealth.debug.xcconfig"; path = "Target Support Files/Pods-CheckHealth/Pods-CheckHealth.debug.xcconfig"; sourceTree = "<group>"; };
		F0B4F6699C28CAA25BF4F25F /* Pods-CheckHealth.release.xcconfig */ = {isa = PBXFileReference; includeInIndex = 1; lastKnownFileType = text.xcconfig; name = "Pods-CheckHealth.release.xcconfig"; path = "Target Support Files/Pods-CheckHealth/Pods-CheckHealth.release.xcconfig"; sourceTree = "<group>"; };
/* End PBXFileReference section */

/* Begin PBXFrameworksBuildPhase section */
		3CB7DC37257FB7F500FEF1DF /* Frameworks */ = {
			isa = PBXFrameworksBuildPhase;
			buildActionMask = 2147483647;
			files = (
				87CDA8835ABE9CBC31CDF1F3 /* Pods_CheckHealth.framework in Frameworks */,
			);
			runOnlyForDeploymentPostprocessing = 0;
		};
/* End PBXFrameworksBuildPhase section */

/* Begin PBXGroup section */
		00DD4A20BB13C5804EFADDCC /* Pods */ = {
			isa = PBXGroup;
			children = (
				5909A5D9FC641C3D9DD8F20D /* Pods-CheckHealth.debug.xcconfig */,
				F0B4F6699C28CAA25BF4F25F /* Pods-CheckHealth.release.xcconfig */,
			);
			path = Pods;
			sourceTree = "<group>";
		};
		3C3949702587BBF000D6F4BE /* Database */ = {
			isa = PBXGroup;
			children = (
				3C60FE8F25925F2000A2A03B /* compact.realm */,
			);
			path = Database;
			sourceTree = "<group>";
		};
		3CB7DC31257FB7F500FEF1DF = {
			isa = PBXGroup;
			children = (
				3CB7DC3C257FB7F500FEF1DF /* CheckHealth */,
				3CB7DC3B257FB7F500FEF1DF /* Products */,
				00DD4A20BB13C5804EFADDCC /* Pods */,
				9DCFE335D6C5FF468417C705 /* Frameworks */,
			);
			sourceTree = "<group>";
		};
		3CB7DC3B257FB7F500FEF1DF /* Products */ = {
			isa = PBXGroup;
			children = (
				3CB7DC3A257FB7F500FEF1DF /* CheckHealth.app */,
			);
			name = Products;
			sourceTree = "<group>";
		};
		3CB7DC3C257FB7F500FEF1DF /* CheckHealth */ = {
			isa = PBXGroup;
			children = (
				3CB7DC3D257FB7F500FEF1DF /* AppDelegate.swift */,
				3CB7DC3F257FB7F500FEF1DF /* SceneDelegate.swift */,
				3C3949702587BBF000D6F4BE /* Database */,
				3CB7DC56257FBCE900FEF1DF /* Model */,
				3CB7DC60257FC6BB00FEF1DF /* View */,
				3CB7DC5F257FC6AB00FEF1DF /* Controller */,
				3CB7DC46257FB7F900FEF1DF /* Assets.xcassets */,
				3CB7DC4B257FB7F900FEF1DF /* Info.plist */,
			);
			path = CheckHealth;
			sourceTree = "<group>";
		};
		3CB7DC56257FBCE900FEF1DF /* Model */ = {
			isa = PBXGroup;
			children = (
				3CB7DC57257FBCF700FEF1DF /* Test.swift */,
				3CB85768258787950006B549 /* Results.swift */,
			);
			path = Model;
			sourceTree = "<group>";
		};
		3CB7DC5F257FC6AB00FEF1DF /* Controller */ = {
			isa = PBXGroup;
			children = (
				3CB7DC53257FB84400FEF1DF /* TableViewController.swift */,
				3CB7DC5B257FC69E00FEF1DF /* TestViewController.swift */,
				3C0AD6FF2580BFB900C5524C /* QuestionsViewController.swift */,
				3C87D90B2584EA060069E462 /* ScoreViewController.swift */,
			);
			path = Controller;
			sourceTree = "<group>";
		};
		3CB7DC60257FC6BB00FEF1DF /* View */ = {
			isa = PBXGroup;
			children = (
				3CB7DC43257FB7F500FEF1DF /* Main.storyboard */,
				3CB7DC48257FB7F900FEF1DF /* LaunchScreen.storyboard */,
			);
			path = View;
			sourceTree = "<group>";
		};
		9DCFE335D6C5FF468417C705 /* Frameworks */ = {
			isa = PBXGroup;
			children = (
				50B97BD6F861DAD093EFCD15 /* Pods_CheckHealth.framework */,
			);
			name = Frameworks;
			sourceTree = "<group>";
		};
/* End PBXGroup section */

/* Begin PBXNativeTarget section */
		3CB7DC39257FB7F500FEF1DF /* CheckHealth */ = {
			isa = PBXNativeTarget;
			buildConfigurationList = 3CB7DC4E257FB7F900FEF1DF /* Build configuration list for PBXNativeTarget "CheckHealth" */;
			buildPhases = (
				F365D7F33981D6D2939F6E8A /* [CP] Check Pods Manifest.lock */,
				3CB7DC36257FB7F500FEF1DF /* Sources */,
				3CB7DC37257FB7F500FEF1DF /* Frameworks */,
				3CB7DC38257FB7F500FEF1DF /* Resources */,
				1A2FB4D0B8AA5F84A60FAFDB /* [CP] Embed Pods Frameworks */,
			);
			buildRules = (
			);
			dependencies = (
			);
			name = CheckHealth;
			productName = CheckHealth;
			productReference = 3CB7DC3A257FB7F500FEF1DF /* CheckHealth.app */;
			productType = "com.apple.product-type.application";
		};
/* End PBXNativeTarget section */

/* Begin PBXProject section */
		3CB7DC32257FB7F500FEF1DF /* Project object */ = {
			isa = PBXProject;
			attributes = {
				LastSwiftUpdateCheck = 1220;
				LastUpgradeCheck = 1220;
				TargetAttributes = {
					3CB7DC39257FB7F500FEF1DF = {
						CreatedOnToolsVersion = 12.2;
					};
				};
			};
			buildConfigurationList = 3CB7DC35257FB7F500FEF1DF /* Build configuration list for PBXProject "CheckHealth" */;
			compatibilityVersion = "Xcode 9.3";
			developmentRegion = en;
			hasScannedForEncodings = 0;
			knownRegions = (
				en,
				Base,
			);
			mainGroup = 3CB7DC31257FB7F500FEF1DF;
			productRefGroup = 3CB7DC3B257FB7F500FEF1DF /* Products */;
			projectDirPath = "";
			projectRoot = "";
			targets = (
				3CB7DC39257FB7F500FEF1DF /* CheckHealth */,
			);
		};
/* End PBXProject section */

/* Begin PBXResourcesBuildPhase section */
		3CB7DC38257FB7F500FEF1DF /* Resources */ = {
			isa = PBXResourcesBuildPhase;
			buildActionMask = 2147483647;
			files = (
				3CB7DC4A257FB7F900FEF1DF /* LaunchScreen.storyboard in Resources */,
				3CB7DC47257FB7F900FEF1DF /* Assets.xcassets in Resources */,
				3CB7DC45257FB7F500FEF1DF /* Main.storyboard in Resources */,
				3C60FE9025925F2000A2A03B /* compact.realm in Resources */,
			);
			runOnlyForDeploymentPostprocessing = 0;
		};
/* End PBXResourcesBuildPhase section */

/* Begin PBXShellScriptBuildPhase section */
		1A2FB4D0B8AA5F84A60FAFDB /* [CP] Embed Pods Frameworks */ = {
			isa = PBXShellScriptBuildPhase;
			buildActionMask = 2147483647;
			files = (
			);
			inputFileListPaths = (
				"${PODS_ROOT}/Target Support Files/Pods-CheckHealth/Pods-CheckHealth-frameworks-${CONFIGURATION}-input-files.xcfilelist",
			);
			name = "[CP] Embed Pods Frameworks";
			outputFileListPaths = (
				"${PODS_ROOT}/Target Support Files/Pods-CheckHealth/Pods-CheckHealth-frameworks-${CONFIGURATION}-output-files.xcfilelist",
			);
			runOnlyForDeploymentPostprocessing = 0;
			shellPath = /bin/sh;
			shellScript = "\"${PODS_ROOT}/Target Support Files/Pods-CheckHealth/Pods-CheckHealth-frameworks.sh\"\n";
			showEnvVarsInLog = 0;
		};
		F365D7F33981D6D2939F6E8A /* [CP] Check Pods Manifest.lock */ = {
			isa = PBXShellScriptBuildPhase;
			buildActionMask = 2147483647;
			files = (
			);
			inputFileListPaths = (
			);
			inputPaths = (
				"${PODS_PODFILE_DIR_PATH}/Podfile.lock",
				"${PODS_ROOT}/Manifest.lock",
			);
			name = "[CP] Check Pods Manifest.lock";
			outputFileListPaths = (
			);
			outputPaths = (
				"$(DERIVED_FILE_DIR)/Pods-CheckHealth-checkManifestLockResult.txt",
			);
			runOnlyForDeploymentPostprocessing = 0;
			shellPath = /bin/sh;
			shellScript = "diff \"${PODS_PODFILE_DIR_PATH}/Podfile.lock\" \"${PODS_ROOT}/Manifest.lock\" > /dev/null\nif [ $? != 0 ] ; then\n    # print error to STDERR\n    echo \"error: The sandbox is not in sync with the Podfile.lock. Run 'pod install' or update your CocoaPods installation.\" >&2\n    exit 1\nfi\n# This output is used by Xcode 'outputs' to avoid re-running this script phase.\necho \"SUCCESS\" > \"${SCRIPT_OUTPUT_FILE_0}\"\n";
			showEnvVarsInLog = 0;
		};
/* End PBXShellScriptBuildPhase section */

/* Begin PBXSourcesBuildPhase section */
		3CB7DC36257FB7F500FEF1DF /* Sources */ = {
			isa = PBXSourcesBuildPhase;
			buildActionMask = 2147483647;
			files = (
				3CB7DC5C257FC69E00FEF1DF /* TestViewController.swift in Sources */,
				3CB7DC3E257FB7F500FEF1DF /* AppDelegate.swift in Sources */,
				3C0AD7002580BFB900C5524C /* QuestionsViewController.swift in Sources */,
				3CB7DC58257FBCF700FEF1DF /* Test.swift in Sources */,
				3CB7DC54257FB84400FEF1DF /* TableViewController.swift in Sources */,
				3CB85769258787950006B549 /* Results.swift in Sources */,
				3CB7DC40257FB7F500FEF1DF /* SceneDelegate.swift in Sources */,
				3C87D90C2584EA060069E462 /* ScoreViewController.swift in Sources */,
			);
			runOnlyForDeploymentPostprocessing = 0;
		};
/* End PBXSourcesBuildPhase section */

/* Begin PBXVariantGroup section */
		3CB7DC43257FB7F500FEF1DF /* Main.storyboard */ = {
			isa = PBXVariantGroup;
			children = (
				3CB7DC44257FB7F500FEF1DF /* Base */,
			);
			name = Main.storyboard;
			sourceTree = "<group>";
		};
		3CB7DC48257FB7F900FEF1DF /* LaunchScreen.storyboard */ = {
			isa = PBXVariantGroup;
			children = (
				3CB7DC49257FB7F900FEF1DF /* Base */,
			);
			name = LaunchScreen.storyboard;
			sourceTree = "<group>";
		};
/* End PBXVariantGroup section */

/* Begin XCBuildConfiguration section */
		3CB7DC4C257FB7F900FEF1DF /* Debug */ = {
			isa = XCBuildConfiguration;
			buildSettings = {
				ALWAYS_SEARCH_USER_PATHS = NO;
				CLANG_ANALYZER_NONNULL = YES;
				CLANG_ANALYZER_NUMBER_OBJECT_CONVERSION = YES_AGGRESSIVE;
				CLANG_CXX_LANGUAGE_STANDARD = "gnu++14";
				CLANG_CXX_LIBRARY = "libc++";
				CLANG_ENABLE_MODULES = YES;
				CLANG_ENABLE_OBJC_ARC = YES;
				CLANG_ENABLE_OBJC_WEAK = YES;
				CLANG_WARN_BLOCK_CAPTURE_AUTORELEASING = YES;
				CLANG_WARN_BOOL_CONVERSION = YES;
				CLANG_WARN_COMMA = YES;
				CLANG_WARN_CONSTANT_CONVERSION = YES;
				CLANG_WARN_DEPRECATED_OBJC_IMPLEMENTATIONS = YES;
				CLANG_WARN_DIRECT_OBJC_ISA_USAGE = YES_ERROR;
				CLANG_WARN_DOCUMENTATION_COMMENTS = YES;
				CLANG_WARN_EMPTY_BODY = YES;
				CLANG_WARN_ENUM_CONVERSION = YES;
				CLANG_WARN_INFINITE_RECURSION = YES;
				CLANG_WARN_INT_CONVERSION = YES;
				CLANG_WARN_NON_LITERAL_NULL_CONVERSION = YES;
				CLANG_WARN_OBJC_IMPLICIT_RETAIN_SELF = YES;
				CLANG_WARN_OBJC_LITERAL_CONVERSION = YES;
				CLANG_WARN_OBJC_ROOT_CLASS = YES_ERROR;
				CLANG_WARN_QUOTED_INCLUDE_IN_FRAMEWORK_HEADER = YES;
				CLANG_WARN_RANGE_LOOP_ANALYSIS = YES;
				CLANG_WARN_STRICT_PROTOTYPES = YES;
				CLANG_WARN_SUSPICIOUS_MOVE = YES;
				CLANG_WARN_UNGUARDED_AVAILABILITY = YES_AGGRESSIVE;
				CLANG_WARN_UNREACHABLE_CODE = YES;
				CLANG_WARN__DUPLICATE_METHOD_MATCH = YES;
				COPY_PHASE_STRIP = NO;
				DEBUG_INFORMATION_FORMAT = dwarf;
				ENABLE_STRICT_OBJC_MSGSEND = YES;
				ENABLE_TESTABILITY = YES;
				GCC_C_LANGUAGE_STANDARD = gnu11;
				GCC_DYNAMIC_NO_PIC = NO;
				GCC_NO_COMMON_BLOCKS = YES;
				GCC_OPTIMIZATION_LEVEL = 0;
				GCC_PREPROCESSOR_DEFINITIONS = (
					"DEBUG=1",
					"$(inherited)",
				);
				GCC_WARN_64_TO_32_BIT_CONVERSION = YES;
				GCC_WARN_ABOUT_RETURN_TYPE = YES_ERROR;
				GCC_WARN_UNDECLARED_SELECTOR = YES;
				GCC_WARN_UNINITIALIZED_AUTOS = YES_AGGRESSIVE;
				GCC_WARN_UNUSED_FUNCTION = YES;
				GCC_WARN_UNUSED_VARIABLE = YES;
				IPHONEOS_DEPLOYMENT_TARGET = 14.2;
				MTL_ENABLE_DEBUG_INFO = INCLUDE_SOURCE;
				MTL_FAST_MATH = YES;
				ONLY_ACTIVE_ARCH = YES;
				SDKROOT = iphoneos;
				SWIFT_ACTIVE_COMPILATION_CONDITIONS = DEBUG;
				SWIFT_OPTIMIZATION_LEVEL = "-Onone";
			};
			name = Debug;
		};
		3CB7DC4D257FB7F900FEF1DF /* Release */ = {
			isa = XCBuildConfiguration;
			buildSettings = {
				ALWAYS_SEARCH_USER_PATHS = NO;
				CLANG_ANALYZER_NONNULL = YES;
				CLANG_ANALYZER_NUMBER_OBJECT_CONVERSION = YES_AGGRESSIVE;
				CLANG_CXX_LANGUAGE_STANDARD = "gnu++14";
				CLANG_CXX_LIBRARY = "libc++";
				CLANG_ENABLE_MODULES = YES;
				CLANG_ENABLE_OBJC_ARC = YES;
				CLANG_ENABLE_OBJC_WEAK = YES;
				CLANG_WARN_BLOCK_CAPTURE_AUTORELEASING = YES;
				CLANG_WARN_BOOL_CONVERSION = YES;
				CLANG_WARN_COMMA = YES;
				CLANG_WARN_CONSTANT_CONVERSION = YES;
				CLANG_WARN_DEPRECATED_OBJC_IMPLEMENTATIONS = YES;
				CLANG_WARN_DIRECT_OBJC_ISA_USAGE = YES_ERROR;
				CLANG_WARN_DOCUMENTATION_COMMENTS = YES;
				CLANG_WARN_EMPTY_BODY = YES;
				CLANG_WARN_ENUM_CONVERSION = YES;
				CLANG_WARN_INFINITE_RECURSION = YES;
				CLANG_WARN_INT_CONVERSION = YES;
				CLANG_WARN_NON_LITERAL_NULL_CONVERSION = YES;
				CLANG_WARN_OBJC_IMPLICIT_RETAIN_SELF = YES;
				CLANG_WARN_OBJC_LITERAL_CONVERSION = YES;
				CLANG_WARN_OBJC_ROOT_CLASS = YES_ERROR;
				CLANG_WARN_QUOTED_INCLUDE_IN_FRAMEWORK_HEADER = YES;
				CLANG_WARN_RANGE_LOOP_ANALYSIS = YES;
				CLANG_WARN_STRICT_PROTOTYPES = YES;
				CLANG_WARN_SUSPICIOUS_MOVE = YES;
				CLANG_WARN_UNGUARDED_AVAILABILITY = YES_AGGRESSIVE;
				CLANG_WARN_UNREACHABLE_CODE = YES;
				CLANG_WARN__DUPLICATE_METHOD_MATCH = YES;
				COPY_PHASE_STRIP = NO;
				DEBUG_INFORMATION_FORMAT = "dwarf-with-dsym";
				ENABLE_NS_ASSERTIONS = NO;
				ENABLE_STRICT_OBJC_MSGSEND = YES;
				GCC_C_LANGUAGE_STANDARD = gnu11;
				GCC_NO_COMMON_BLOCKS = YES;
				GCC_WARN_64_TO_32_BIT_CONVERSION = YES;
				GCC_WARN_ABOUT_RETURN_TYPE = YES_ERROR;
				GCC_WARN_UNDECLARED_SELECTOR = YES;
				GCC_WARN_UNINITIALIZED_AUTOS = YES_AGGRESSIVE;
				GCC_WARN_UNUSED_FUNCTION = YES;
				GCC_WARN_UNUSED_VARIABLE = YES;
				IPHONEOS_DEPLOYMENT_TARGET = 14.2;
				MTL_ENABLE_DEBUG_INFO = NO;
				MTL_FAST_MATH = YES;
				SDKROOT = iphoneos;
				SWIFT_COMPILATION_MODE = wholemodule;
				SWIFT_OPTIMIZATION_LEVEL = "-O";
				VALIDATE_PRODUCT = YES;
			};
			name = Release;
		};
		3CB7DC4F257FB7F900FEF1DF /* Debug */ = {
			isa = XCBuildConfiguration;
			baseConfigurationReference = 5909A5D9FC641C3D9DD8F20D /* Pods-CheckHealth.debug.xcconfig */;
			buildSettings = {
				ASSETCATALOG_COMPILER_APPICON_NAME = AppIcon;
				ASSETCATALOG_COMPILER_GLOBAL_ACCENT_COLOR_NAME = AccentColor;
				CODE_SIGN_STYLE = Automatic;
				DEVELOPMENT_TEAM = US7P92C2A5;
				INFOPLIST_FILE = CheckHealth/Info.plist;
				LD_RUNPATH_SEARCH_PATHS = (
					"$(inherited)",
					"@executable_path/Frameworks",
				);
				PRODUCT_BUNDLE_IDENTIFIER = com.x.med.CheckHealth;
				PRODUCT_NAME = "$(TARGET_NAME)";
				SWIFT_VERSION = 5.0;
				TARGETED_DEVICE_FAMILY = "1,2";
			};
			name = Debug;
		};
		3CB7DC50257FB7F900FEF1DF /* Release */ = {
			isa = XCBuildConfiguration;
			baseConfigurationReference = F0B4F6699C28CAA25BF4F25F /* Pods-CheckHealth.release.xcconfig */;
			buildSettings = {
				ASSETCATALOG_COMPILER_APPICON_NAME = AppIcon;
				ASSETCATALOG_COMPILER_GLOBAL_ACCENT_COLOR_NAME = AccentColor;
				CODE_SIGN_STYLE = Automatic;
				DEVELOPMENT_TEAM = US7P92C2A5;
				INFOPLIST_FILE = CheckHealth/Info.plist;
				LD_RUNPATH_SEARCH_PATHS = (
					"$(inherited)",
					"@executable_path/Frameworks",
				);
				PRODUCT_BUNDLE_IDENTIFIER = com.x.med.CheckHealth;
				PRODUCT_NAME = "$(TARGET_NAME)";
				SWIFT_VERSION = 5.0;
				TARGETED_DEVICE_FAMILY = "1,2";
			};
			name = Release;
		};
/* End XCBuildConfiguration section */

/* Begin XCConfigurationList section */
		3CB7DC35257FB7F500FEF1DF /* Build configuration list for PBXProject "CheckHealth" */ = {
			isa = XCConfigurationList;
			buildConfigurations = (
				3CB7DC4C257FB7F900FEF1DF /* Debug */,
				3CB7DC4D257FB7F900FEF1DF /* Release */,
			);
			defaultConfigurationIsVisible = 0;
			defaultConfigurationName = Release;
		};
		3CB7DC4E257FB7F900FEF1DF /* Build configuration list for PBXNativeTarget "CheckHealth" */ = {
			isa = XCConfigurationList;
			buildConfigurations = (
				3CB7DC4F257FB7F900FEF1DF /* Debug */,
				3CB7DC50257FB7F900FEF1DF /* Release */,
			);
			defaultConfigurationIsVisible = 0;
			defaultConfigurationName = Release;
		};
/* End XCConfigurationList section */
	};
	rootObject = 3CB7DC32257FB7F500FEF1DF /* Project object */;
}
